{
  "nodes": {
    "nixpkgs": {
      "locked": {
        "lastModified": 1725123743,
        "narHash": "sha256-Arh0JyxbeOD2YJ+25IOpTwPi1Qq6PhKRP9EqXChAoBA=",
        "owner": "NixOS",
        "repo": "nixpkgs",
        "rev": "6414ef7ca3bf18ec4f9628d09ccc1eb030276ee2",
        "type": "github"
      },
      "original": {
        "owner": "NixOS",
        "repo": "nixpkgs",
        "type": "github"
      }
    },
    "root": {
      "inputs": {
        "nixpkgs": "nixpkgs"
      }
    }
  },
  "root": "root",
  "version": 7
}
