{
  "pins" : [
    {
      "identity" : "swift-nanopack",
      "kind" : "remoteSourceControl",
      "location" : "https://github.com/poly-gui/swift-nanopack",
      "state" : {
        "branch" : "main",
        "revision" : "ec6a9fb97da8937ba4da1fe3c26caae2d0395c0c"
      }
    }
  ],
  "version" : 2
}
