{
  "pins" : [
    {
      "identity" : "swift-nanopack",
      "kind" : "remoteSourceControl",
      "location" : "https://github.com/poly-gui/swift-nanopack",
      "state" : {
        "branch" : "main",
        "revision" : "ea2ade02499e881498bb40f7786c8a5617cedfad"
      }
    }
  ],
  "version" : 2
}
